
Microsoft Visual Studio Solution File, Format Version 12.00
# Visual Studio 15
VisualStudioVersion = 15.0.26124.0
MinimumVisualStudioVersion = 15.0.26124.0
Project("{FAE04EC0-301F-11D3-BF4B-00C04F79EFBC}") = "grak1", "grak1\grak1.csproj", "{819D0C65-81F3-4275-AB65-6DB1BF09FEB7}"
EndProject
Project("{FAE04EC0-301F-11D3-BF4B-00C04F79EFBC}") = "grak2", "grak2\grak2.csproj", "{89FE8FBC-B1D4-4BCD-BBC0-6AEA4956E894}"
EndProject
Project("{FAE04EC0-301F-11D3-BF4B-00C04F79EFBC}") = "grak3", "grak3\grak3.csproj", "{0226F3A4-3B57-482C-8AEA-0664E174FAA9}"
EndProject
Project("{FAE04EC0-301F-11D3-BF4B-00C04F79EFBC}") = "grak4", "grak4\grak4.csproj", "{1934D019-5FAB-461E-9A6D-704120676468}"
EndProject
Project("{FAE04EC0-301F-11D3-BF4B-00C04F79EFBC}") = "grak4b", "grak4b\grak4b.csproj", "{695D8904-D793-4E8E-9033-92ED7F67AF1A}"
EndProject
Project("{FAE04EC0-301F-11D3-BF4B-00C04F79EFBC}") = "grakall", "grakall\grakall.csproj", "{AB4DCEBD-BBE6-423C-9A3D-EB85E736429E}"
EndProject
Project("{FAE04EC0-301F-11D3-BF4B-00C04F79EFBC}") = "structs", "structs\structs.csproj", "{C36B902C-166D-4B88-AFA2-343E8AC80AE9}"
EndProject
Global
	GlobalSection(SolutionConfigurationPlatforms) = preSolution
		Debug|Any CPU = Debug|Any CPU
		Debug|x64 = Debug|x64
		Debug|x86 = Debug|x86
		Release|Any CPU = Release|Any CPU
		Release|x64 = Release|x64
		Release|x86 = Release|x86
	EndGlobalSection
	GlobalSection(SolutionProperties) = preSolution
		HideSolutionNode = FALSE
	EndGlobalSection
	GlobalSection(ProjectConfigurationPlatforms) = postSolution
		{819D0C65-81F3-4275-AB65-6DB1BF09FEB7}.Debug|Any CPU.ActiveCfg = Debug|Any CPU
		{819D0C65-81F3-4275-AB65-6DB1BF09FEB7}.Debug|Any CPU.Build.0 = Debug|Any CPU
		{819D0C65-81F3-4275-AB65-6DB1BF09FEB7}.Debug|x64.ActiveCfg = Debug|Any CPU
		{819D0C65-81F3-4275-AB65-6DB1BF09FEB7}.Debug|x64.Build.0 = Debug|Any CPU
		{819D0C65-81F3-4275-AB65-6DB1BF09FEB7}.Debug|x86.ActiveCfg = Debug|Any CPU
		{819D0C65-81F3-4275-AB65-6DB1BF09FEB7}.Debug|x86.Build.0 = Debug|Any CPU
		{819D0C65-81F3-4275-AB65-6DB1BF09FEB7}.Release|Any CPU.ActiveCfg = Release|Any CPU
		{819D0C65-81F3-4275-AB65-6DB1BF09FEB7}.Release|Any CPU.Build.0 = Release|Any CPU
		{819D0C65-81F3-4275-AB65-6DB1BF09FEB7}.Release|x64.ActiveCfg = Release|Any CPU
		{819D0C65-81F3-4275-AB65-6DB1BF09FEB7}.Release|x64.Build.0 = Release|Any CPU
		{819D0C65-81F3-4275-AB65-6DB1BF09FEB7}.Release|x86.ActiveCfg = Release|Any CPU
		{819D0C65-81F3-4275-AB65-6DB1BF09FEB7}.Release|x86.Build.0 = Release|Any CPU
		{89FE8FBC-B1D4-4BCD-BBC0-6AEA4956E894}.Debug|Any CPU.ActiveCfg = Debug|Any CPU
		{89FE8FBC-B1D4-4BCD-BBC0-6AEA4956E894}.Debug|Any CPU.Build.0 = Debug|Any CPU
		{89FE8FBC-B1D4-4BCD-BBC0-6AEA4956E894}.Debug|x64.ActiveCfg = Debug|Any CPU
		{89FE8FBC-B1D4-4BCD-BBC0-6AEA4956E894}.Debug|x64.Build.0 = Debug|Any CPU
		{89FE8FBC-B1D4-4BCD-BBC0-6AEA4956E894}.Debug|x86.ActiveCfg = Debug|Any CPU
		{89FE8FBC-B1D4-4BCD-BBC0-6AEA4956E894}.Debug|x86.Build.0 = Debug|Any CPU
		{89FE8FBC-B1D4-4BCD-BBC0-6AEA4956E894}.Release|Any CPU.ActiveCfg = Release|Any CPU
		{89FE8FBC-B1D4-4BCD-BBC0-6AEA4956E894}.Release|Any CPU.Build.0 = Release|Any CPU
		{89FE8FBC-B1D4-4BCD-BBC0-6AEA4956E894}.Release|x64.ActiveCfg = Release|Any CPU
		{89FE8FBC-B1D4-4BCD-BBC0-6AEA4956E894}.Release|x64.Build.0 = Release|Any CPU
		{89FE8FBC-B1D4-4BCD-BBC0-6AEA4956E894}.Release|x86.ActiveCfg = Release|Any CPU
		{89FE8FBC-B1D4-4BCD-BBC0-6AEA4956E894}.Release|x86.Build.0 = Release|Any CPU
		{0226F3A4-3B57-482C-8AEA-0664E174FAA9}.Debug|Any CPU.ActiveCfg = Debug|Any CPU
		{0226F3A4-3B57-482C-8AEA-0664E174FAA9}.Debug|Any CPU.Build.0 = Debug|Any CPU
		{0226F3A4-3B57-482C-8AEA-0664E174FAA9}.Debug|x64.ActiveCfg = Debug|Any CPU
		{0226F3A4-3B57-482C-8AEA-0664E174FAA9}.Debug|x64.Build.0 = Debug|Any CPU
		{0226F3A4-3B57-482C-8AEA-0664E174FAA9}.Debug|x86.ActiveCfg = Debug|Any CPU
		{0226F3A4-3B57-482C-8AEA-0664E174FAA9}.Debug|x86.Build.0 = Debug|Any CPU
		{0226F3A4-3B57-482C-8AEA-0664E174FAA9}.Release|Any CPU.ActiveCfg = Release|Any CPU
		{0226F3A4-3B57-482C-8AEA-0664E174FAA9}.Release|Any CPU.Build.0 = Release|Any CPU
		{0226F3A4-3B57-482C-8AEA-0664E174FAA9}.Release|x64.ActiveCfg = Release|Any CPU
		{0226F3A4-3B57-482C-8AEA-0664E174FAA9}.Release|x64.Build.0 = Release|Any CPU
		{0226F3A4-3B57-482C-8AEA-0664E174FAA9}.Release|x86.ActiveCfg = Release|Any CPU
		{0226F3A4-3B57-482C-8AEA-0664E174FAA9}.Release|x86.Build.0 = Release|Any CPU
		{1934D019-5FAB-461E-9A6D-704120676468}.Debug|Any CPU.ActiveCfg = Debug|Any CPU
		{1934D019-5FAB-461E-9A6D-704120676468}.Debug|Any CPU.Build.0 = Debug|Any CPU
		{1934D019-5FAB-461E-9A6D-704120676468}.Debug|x64.ActiveCfg = Debug|Any CPU
		{1934D019-5FAB-461E-9A6D-704120676468}.Debug|x64.Build.0 = Debug|Any CPU
		{1934D019-5FAB-461E-9A6D-704120676468}.Debug|x86.ActiveCfg = Debug|Any CPU
		{1934D019-5FAB-461E-9A6D-704120676468}.Debug|x86.Build.0 = Debug|Any CPU
		{1934D019-5FAB-461E-9A6D-704120676468}.Release|Any CPU.ActiveCfg = Release|Any CPU
		{1934D019-5FAB-461E-9A6D-704120676468}.Release|Any CPU.Build.0 = Release|Any CPU
		{1934D019-5FAB-461E-9A6D-704120676468}.Release|x64.ActiveCfg = Release|Any CPU
		{1934D019-5FAB-461E-9A6D-704120676468}.Release|x64.Build.0 = Release|Any CPU
		{1934D019-5FAB-461E-9A6D-704120676468}.Release|x86.ActiveCfg = Release|Any CPU
		{1934D019-5FAB-461E-9A6D-704120676468}.Release|x86.Build.0 = Release|Any CPU
		{695D8904-D793-4E8E-9033-92ED7F67AF1A}.Debug|Any CPU.ActiveCfg = Debug|Any CPU
		{695D8904-D793-4E8E-9033-92ED7F67AF1A}.Debug|Any CPU.Build.0 = Debug|Any CPU
		{695D8904-D793-4E8E-9033-92ED7F67AF1A}.Debug|x64.ActiveCfg = Debug|Any CPU
		{695D8904-D793-4E8E-9033-92ED7F67AF1A}.Debug|x64.Build.0 = Debug|Any CPU
		{695D8904-D793-4E8E-9033-92ED7F67AF1A}.Debug|x86.ActiveCfg = Debug|Any CPU
		{695D8904-D793-4E8E-9033-92ED7F67AF1A}.Debug|x86.Build.0 = Debug|Any CPU
		{695D8904-D793-4E8E-9033-92ED7F67AF1A}.Release|Any CPU.ActiveCfg = Release|Any CPU
		{695D8904-D793-4E8E-9033-92ED7F67AF1A}.Release|Any CPU.Build.0 = Release|Any CPU
		{695D8904-D793-4E8E-9033-92ED7F67AF1A}.Release|x64.ActiveCfg = Release|Any CPU
		{695D8904-D793-4E8E-9033-92ED7F67AF1A}.Release|x64.Build.0 = Release|Any CPU
		{695D8904-D793-4E8E-9033-92ED7F67AF1A}.Release|x86.ActiveCfg = Release|Any CPU
		{695D8904-D793-4E8E-9033-92ED7F67AF1A}.Release|x86.Build.0 = Release|Any CPU
		{AB4DCEBD-BBE6-423C-9A3D-EB85E736429E}.Debug|Any CPU.ActiveCfg = Debug|Any CPU
		{AB4DCEBD-BBE6-423C-9A3D-EB85E736429E}.Debug|Any CPU.Build.0 = Debug|Any CPU
		{AB4DCEBD-BBE6-423C-9A3D-EB85E736429E}.Debug|x64.ActiveCfg = Debug|Any CPU
		{AB4DCEBD-BBE6-423C-9A3D-EB85E736429E}.Debug|x64.Build.0 = Debug|Any CPU
		{AB4DCEBD-BBE6-423C-9A3D-EB85E736429E}.Debug|x86.ActiveCfg = Debug|Any CPU
		{AB4DCEBD-BBE6-423C-9A3D-EB85E736429E}.Debug|x86.Build.0 = Debug|Any CPU
		{AB4DCEBD-BBE6-423C-9A3D-EB85E736429E}.Release|Any CPU.ActiveCfg = Release|Any CPU
		{AB4DCEBD-BBE6-423C-9A3D-EB85E736429E}.Release|Any CPU.Build.0 = Release|Any CPU
		{AB4DCEBD-BBE6-423C-9A3D-EB85E736429E}.Release|x64.ActiveCfg = Release|Any CPU
		{AB4DCEBD-BBE6-423C-9A3D-EB85E736429E}.Release|x64.Build.0 = Release|Any CPU
		{AB4DCEBD-BBE6-423C-9A3D-EB85E736429E}.Release|x86.ActiveCfg = Release|Any CPU
		{AB4DCEBD-BBE6-423C-9A3D-EB85E736429E}.Release|x86.Build.0 = Release|Any CPU
		{C36B902C-166D-4B88-AFA2-343E8AC80AE9}.Debug|Any CPU.ActiveCfg = Debug|Any CPU
		{C36B902C-166D-4B88-AFA2-343E8AC80AE9}.Debug|Any CPU.Build.0 = Debug|Any CPU
		{C36B902C-166D-4B88-AFA2-343E8AC80AE9}.Debug|x64.ActiveCfg = Debug|Any CPU
		{C36B902C-166D-4B88-AFA2-343E8AC80AE9}.Debug|x64.Build.0 = Debug|Any CPU
		{C36B902C-166D-4B88-AFA2-343E8AC80AE9}.Debug|x86.ActiveCfg = Debug|Any CPU
		{C36B902C-166D-4B88-AFA2-343E8AC80AE9}.Debug|x86.Build.0 = Debug|Any CPU
		{C36B902C-166D-4B88-AFA2-343E8AC80AE9}.Release|Any CPU.ActiveCfg = Release|Any CPU
		{C36B902C-166D-4B88-AFA2-343E8AC80AE9}.Release|Any CPU.Build.0 = Release|Any CPU
		{C36B902C-166D-4B88-AFA2-343E8AC80AE9}.Release|x64.ActiveCfg = Release|Any CPU
		{C36B902C-166D-4B88-AFA2-343E8AC80AE9}.Release|x64.Build.0 = Release|Any CPU
		{C36B902C-166D-4B88-AFA2-343E8AC80AE9}.Release|x86.ActiveCfg = Release|Any CPU
		{C36B902C-166D-4B88-AFA2-343E8AC80AE9}.Release|x86.Build.0 = Release|Any CPU
	EndGlobalSection
EndGlobal
